// !$*UTF8*$!
{
	archiveVersion = 1;
	classes = {
	};
	objectVersion = 56;
	objects = {

/* Begin PBXBuildFile section */
		7C5FA98B2D5E46C000DF8F8B /* SproutApp.swift in Sources */ = {isa = PBXBuildFile; fileRef = 7C5FA98A2D5E46C000DF8F8B /* SproutApp.swift */; };
		7C5FA98D2D5E46C000DF8F8B /* ContentView.swift in Sources */ = {isa = PBXBuildFile; fileRef = 7C5FA98C2D5E46C000DF8F8B /* ContentView.swift */; };
		7C5FA98F2D5E46C200DF8F8B /* Assets.xcassets in Resources */ = {isa = PBXBuildFile; fileRef = 7C5FA98E2D5E46C200DF8F8B /* Assets.xcassets */; };
		7C5FA9922D5E46C200DF8F8B /* Preview Assets.xcassets in Resources */ = {isa = PBXBuildFile; fileRef = 7C5FA9912D5E46C200DF8F8B /* Preview Assets.xcassets */; };
		7C5FA99C2D5E46C200DF8F8B /* SproutTests.swift in Sources */ = {isa = PBXBuildFile; fileRef = 7C5FA99B2D5E46C200DF8F8B /* SproutTests.swift */; };
		7C5FA9A62D5E46C200DF8F8B /* SproutUITests.swift in Sources */ = {isa = PBXBuildFile; fileRef = 7C5FA9A52D5E46C200DF8F8B /* SproutUITests.swift */; };
		7C5FA9A82D5E46C200DF8F8B /* SproutUITestsLaunchTests.swift in Sources */ = {isa = PBXBuildFile; fileRef = 7C5FA9A72D5E46C200DF8F8B /* SproutUITestsLaunchTests.swift */; };
/* End PBXBuildFile section */

/* Begin PBXContainerItemProxy section */
		7C5FA9982D5E46C200DF8F8B /* PBXContainerItemProxy */ = {
			isa = PBXContainerItemProxy;
			containerPortal = 7C5FA97F2D5E46C000DF8F8B /* Project object */;
			proxyType = 1;
			remoteGlobalIDString = 7C5FA9862D5E46C000DF8F8B;
			remoteInfo = Sprout;
		};
		7C5FA9A22D5E46C200DF8F8B /* PBXContainerItemProxy */ = {
			isa = PBXContainerItemProxy;
			containerPortal = 7C5FA97F2D5E46C000DF8F8B /* Project object */;
			proxyType = 1;
			remoteGlobalIDString = 7C5FA9862D5E46C000DF8F8B;
			remoteInfo = Sprout;
		};
/* End PBXContainerItemProxy section */

/* Begin PBXFileReference section */
		7C5FA9872D5E46C000DF8F8B /* Sprout.app */ = {isa = PBXFileReference; explicitFileType = wrapper.application; includeInIndex = 0; path = Sprout.app; sourceTree = BUILT_PRODUCTS_DIR; };
		7C5FA98A2D5E46C000DF8F8B /* SproutApp.swift */ = {isa = PBXFileReference; lastKnownFileType = sourcecode.swift; path = SproutApp.swift; sourceTree = "<group>"; };
		7C5FA98C2D5E46C000DF8F8B /* ContentView.swift */ = {isa = PBXFileReference; lastKnownFileType = sourcecode.swift; path = ContentView.swift; sourceTree = "<group>"; };
		7C5FA98E2D5E46C200DF8F8B /* Assets.xcassets */ = {isa = PBXFileReference; lastKnownFileType = folder.assetcatalog; path = Assets.xcassets; sourceTree = "<group>"; };
		7C5FA9912D5E46C200DF8F8B /* Preview Assets.xcassets */ = {isa = PBXFileReference; lastKnownFileType = folder.assetcatalog; path = "Preview Assets.xcassets"; sourceTree = "<group>"; };
		7C5FA9972D5E46C200DF8F8B /* SproutTests.xctest */ = {isa = PBXFileReference; explicitFileType = wrapper.cfbundle; includeInIndex = 0; path = SproutTests.xctest; sourceTree = BUILT_PRODUCTS_DIR; };
		7C5FA99B2D5E46C200DF8F8B /* SproutTests.swift */ = {isa = PBXFileReference; lastKnownFileType = sourcecode.swift; path = SproutTests.swift; sourceTree = "<group>"; };
		7C5FA9A12D5E46C200DF8F8B /* SproutUITests.xctest */ = {isa = PBXFileReference; explicitFileType = wrapper.cfbundle; includeInIndex = 0; path = SproutUITests.xctest; sourceTree = BUILT_PRODUCTS_DIR; };
		7C5FA9A52D5E46C200DF8F8B /* SproutUITests.swift */ = {isa = PBXFileReference; lastKnownFileType = sourcecode.swift; path = SproutUITests.swift; sourceTree = "<group>"; };
		7C5FA9A72D5E46C200DF8F8B /* SproutUITestsLaunchTests.swift */ = {isa = PBXFileReference; lastKnownFileType = sourcecode.swift; path = SproutUITestsLaunchTests.swift; sourceTree = "<group>"; };
/* End PBXFileReference section */

/* Begin PBXFrameworksBuildPhase section */
		7C5FA9842D5E46C000DF8F8B /* Frameworks */ = {
			isa = PBXFrameworksBuildPhase;
			buildActionMask = 2147483647;
			files = (
			);
			runOnlyForDeploymentPostprocessing = 0;
		};
		7C5FA9942D5E46C200DF8F8B /* Frameworks */ = {
			isa = PBXFrameworksBuildPhase;
			buildActionMask = 2147483647;
			files = (
			);
			runOnlyForDeploymentPostprocessing = 0;
		};
		7C5FA99E2D5E46C200DF8F8B /* Frameworks */ = {
			isa = PBXFrameworksBuildPhase;
			buildActionMask = 2147483647;
			files = (
			);
			runOnlyForDeploymentPostprocessing = 0;
		};
/* End PBXFrameworksBuildPhase section */

/* Begin PBXGroup section */
		7C5FA97E2D5E46C000DF8F8B = {
			isa = PBXGroup;
			children = (
				7C5FA9892D5E46C000DF8F8B /* Sprout */,
				7C5FA99A2D5E46C200DF8F8B /* SproutTests */,
				7C5FA9A42D5E46C200DF8F8B /* SproutUITests */,
				7C5FA9882D5E46C000DF8F8B /* Products */,
			);
			sourceTree = "<group>";
		};
		7C5FA9882D5E46C000DF8F8B /* Products */ = {
			isa = PBXGroup;
			children = (
				7C5FA9872D5E46C000DF8F8B /* Sprout.app */,
				7C5FA9972D5E46C200DF8F8B /* SproutTests.xctest */,
				7C5FA9A12D5E46C200DF8F8B /* SproutUITests.xctest */,
			);
			name = Products;
			sourceTree = "<group>";
		};
		7C5FA9892D5E46C000DF8F8B /* Sprout */ = {
			isa = PBXGroup;
			children = (
				7C5FA98A2D5E46C000DF8F8B /* SproutApp.swift */,
				7C5FA98C2D5E46C000DF8F8B /* ContentView.swift */,
				7C5FA98E2D5E46C200DF8F8B /* Assets.xcassets */,
				7C5FA9902D5E46C200DF8F8B /* Preview Content */,
			);
			path = Sprout;
			sourceTree = "<group>";
		};
		7C5FA9902D5E46C200DF8F8B /* Preview Content */ = {
			isa = PBXGroup;
			children = (
				7C5FA9912D5E46C200DF8F8B /* Preview Assets.xcassets */,
			);
			path = "Preview Content";
			sourceTree = "<group>";
		};
		7C5FA99A2D5E46C200DF8F8B /* SproutTests */ = {
			isa = PBXGroup;
			children = (
				7C5FA99B2D5E46C200DF8F8B /* SproutTests.swift */,
			);
			path = SproutTests;
			sourceTree = "<group>";
		};
		7C5FA9A42D5E46C200DF8F8B /* SproutUITests */ = {
			isa = PBXGroup;
			children = (
				7C5FA9A52D5E46C200DF8F8B /* SproutUITests.swift */,
				7C5FA9A72D5E46C200DF8F8B /* SproutUITestsLaunchTests.swift */,
			);
			path = SproutUITests;
			sourceTree = "<group>";
		};
/* End PBXGroup section */

/* Begin PBXNativeTarget section */
		7C5FA9862D5E46C000DF8F8B /* Sprout */ = {
			isa = PBXNativeTarget;
			buildConfigurationList = 7C5FA9AB2D5E46C200DF8F8B /* Build configuration list for PBXNativeTarget "Sprout" */;
			buildPhases = (
				7C5FA9832D5E46C000DF8F8B /* Sources */,
				7C5FA9842D5E46C000DF8F8B /* Frameworks */,
				7C5FA9852D5E46C000DF8F8B /* Resources */,
			);
			buildRules = (
			);
			dependencies = (
			);
			name = Sprout;
			productName = Sprout;
			productReference = 7C5FA9872D5E46C000DF8F8B /* Sprout.app */;
			productType = "com.apple.product-type.application";
		};
		7C5FA9962D5E46C200DF8F8B /* SproutTests */ = {
			isa = PBXNativeTarget;
			buildConfigurationList = 7C5FA9AE2D5E46C200DF8F8B /* Build configuration list for PBXNativeTarget "SproutTests" */;
			buildPhases = (
				7C5FA9932D5E46C200DF8F8B /* Sources */,
				7C5FA9942D5E46C200DF8F8B /* Frameworks */,
				7C5FA9952D5E46C200DF8F8B /* Resources */,
			);
			buildRules = (
			);
			dependencies = (
				7C5FA9992D5E46C200DF8F8B /* PBXTargetDependency */,
			);
			name = SproutTests;
			productName = SproutTests;
			productReference = 7C5FA9972D5E46C200DF8F8B /* SproutTests.xctest */;
			productType = "com.apple.product-type.bundle.unit-test";
		};
		7C5FA9A02D5E46C200DF8F8B /* SproutUITests */ = {
			isa = PBXNativeTarget;
			buildConfigurationList = 7C5FA9B12D5E46C200DF8F8B /* Build configuration list for PBXNativeTarget "SproutUITests" */;
			buildPhases = (
				7C5FA99D2D5E46C200DF8F8B /* Sources */,
				7C5FA99E2D5E46C200DF8F8B /* Frameworks */,
				7C5FA99F2D5E46C200DF8F8B /* Resources */,
			);
			buildRules = (
			);
			dependencies = (
				7C5FA9A32D5E46C200DF8F8B /* PBXTargetDependency */,
			);
			name = SproutUITests;
			productName = SproutUITests;
			productReference = 7C5FA9A12D5E46C200DF8F8B /* SproutUITests.xctest */;
			productType = "com.apple.product-type.bundle.ui-testing";
		};
/* End PBXNativeTarget section */

/* Begin PBXProject section */
		7C5FA97F2D5E46C000DF8F8B /* Project object */ = {
			isa = PBXProject;
			attributes = {
				BuildIndependentTargetsInParallel = 1;
				LastSwiftUpdateCheck = 1540;
				LastUpgradeCheck = 1540;
				TargetAttributes = {
					7C5FA9862D5E46C000DF8F8B = {
						CreatedOnToolsVersion = 15.4;
					};
					7C5FA9962D5E46C200DF8F8B = {
						CreatedOnToolsVersion = 15.4;
						TestTargetID = 7C5FA9862D5E46C000DF8F8B;
					};
					7C5FA9A02D5E46C200DF8F8B = {
						CreatedOnToolsVersion = 15.4;
						TestTargetID = 7C5FA9862D5E46C000DF8F8B;
					};
				};
			};
			buildConfigurationList = 7C5FA9822D5E46C000DF8F8B /* Build configuration list for PBXProject "Sprout" */;
			compatibilityVersion = "Xcode 14.0";
			developmentRegion = en;
			hasScannedForEncodings = 0;
			knownRegions = (
				en,
				Base,
			);
			mainGroup = 7C5FA97E2D5E46C000DF8F8B;
			productRefGroup = 7C5FA9882D5E46C000DF8F8B /* Products */;
			projectDirPath = "";
			projectRoot = "";
			targets = (
				7C5FA9862D5E46C000DF8F8B /* Sprout */,
				7C5FA9962D5E46C200DF8F8B /* SproutTests */,
				7C5FA9A02D5E46C200DF8F8B /* SproutUITests */,
			);
		};
/* End PBXProject section */

/* Begin PBXResourcesBuildPhase section */
		7C5FA9852D5E46C000DF8F8B /* Resources */ = {
			isa = PBXResourcesBuildPhase;
			buildActionMask = 2147483647;
			files = (
				7C5FA9922D5E46C200DF8F8B /* Preview Assets.xcassets in Resources */,
				7C5FA98F2D5E46C200DF8F8B /* Assets.xcassets in Resources */,
			);
			runOnlyForDeploymentPostprocessing = 0;
		};
		7C5FA9952D5E46C200DF8F8B /* Resources */ = {
			isa = PBXResourcesBuildPhase;
			buildActionMask = 2147483647;
			files = (
			);
			runOnlyForDeploymentPostprocessing = 0;
		};
		7C5FA99F2D5E46C200DF8F8B /* Resources */ = {
			isa = PBXResourcesBuildPhase;
			buildActionMask = 2147483647;
			files = (
			);
			runOnlyForDeploymentPostprocessing = 0;
		};
/* End PBXResourcesBuildPhase section */

/* Begin PBXSourcesBuildPhase section */
		7C5FA9832D5E46C000DF8F8B /* Sources */ = {
			isa = PBXSourcesBuildPhase;
			buildActionMask = 2147483647;
			files = (
				7C5FA98D2D5E46C000DF8F8B /* ContentView.swift in Sources */,
				7C5FA98B2D5E46C000DF8F8B /* SproutApp.swift in Sources */,
			);
			runOnlyForDeploymentPostprocessing = 0;
		};
		7C5FA9932D5E46C200DF8F8B /* Sources */ = {
			isa = PBXSourcesBuildPhase;
			buildActionMask = 2147483647;
			files = (
				7C5FA99C2D5E46C200DF8F8B /* SproutTests.swift in Sources */,
			);
			runOnlyForDeploymentPostprocessing = 0;
		};
		7C5FA99D2D5E46C200DF8F8B /* Sources */ = {
			isa = PBXSourcesBuildPhase;
			buildActionMask = 2147483647;
			files = (
				7C5FA9A62D5E46C200DF8F8B /* SproutUITests.swift in Sources */,
				7C5FA9A82D5E46C200DF8F8B /* SproutUITestsLaunchTests.swift in Sources */,
			);
			runOnlyForDeploymentPostprocessing = 0;
		};
/* End PBXSourcesBuildPhase section */

/* Begin PBXTargetDependency section */
		7C5FA9992D5E46C200DF8F8B /* PBXTargetDependency */ = {
			isa = PBXTargetDependency;
			target = 7C5FA9862D5E46C000DF8F8B /* Sprout */;
			targetProxy = 7C5FA9982D5E46C200DF8F8B /* PBXContainerItemProxy */;
		};
		7C5FA9A32D5E46C200DF8F8B /* PBXTargetDependency */ = {
			isa = PBXTargetDependency;
			target = 7C5FA9862D5E46C000DF8F8B /* Sprout */;
			targetProxy = 7C5FA9A22D5E46C200DF8F8B /* PBXContainerItemProxy */;
		};
/* End PBXTargetDependency section */

/* Begin XCBuildConfiguration section */
		7C5FA9A92D5E46C200DF8F8B /* Debug */ = {
			isa = XCBuildConfiguration;
			buildSettings = {
				ALWAYS_SEARCH_USER_PATHS = NO;
				ASSETCATALOG_COMPILER_GENERATE_SWIFT_ASSET_SYMBOL_EXTENSIONS = YES;
				CLANG_ANALYZER_NONNULL = YES;
				CLANG_ANALYZER_NUMBER_OBJECT_CONVERSION = YES_AGGRESSIVE;
				CLANG_CXX_LANGUAGE_STANDARD = "gnu++20";
				CLANG_ENABLE_MODULES = YES;
				CLANG_ENABLE_OBJC_ARC = YES;
				CLANG_ENABLE_OBJC_WEAK = YES;
				CLANG_WARN_BLOCK_CAPTURE_AUTORELEASING = YES;
				CLANG_WARN_BOOL_CONVERSION = YES;
				CLANG_WARN_COMMA = YES;
				CLANG_WARN_CONSTANT_CONVERSION = YES;
				CLANG_WARN_DEPRECATED_OBJC_IMPLEMENTATIONS = YES;
				CLANG_WARN_DIRECT_OBJC_ISA_USAGE = YES_ERROR;
				CLANG_WARN_DOCUMENTATION_COMMENTS = YES;
				CLANG_WARN_EMPTY_BODY = YES;
				CLANG_WARN_ENUM_CONVERSION = YES;
				CLANG_WARN_INFINITE_RECURSION = YES;
				CLANG_WARN_INT_CONVERSION = YES;
				CLANG_WARN_NON_LITERAL_NULL_CONVERSION = YES;
				CLANG_WARN_OBJC_IMPLICIT_RETAIN_SELF = YES;
				CLANG_WARN_OBJC_LITERAL_CONVERSION = YES;
				CLANG_WARN_OBJC_ROOT_CLASS = YES_ERROR;
				CLANG_WARN_QUOTED_INCLUDE_IN_FRAMEWORK_HEADER = YES;
				CLANG_WARN_RANGE_LOOP_ANALYSIS = YES;
				CLANG_WARN_STRICT_PROTOTYPES = YES;
				CLANG_WARN_SUSPICIOUS_MOVE = YES;
				CLANG_WARN_UNGUARDED_AVAILABILITY = YES_AGGRESSIVE;
				CLANG_WARN_UNREACHABLE_CODE = YES;
				CLANG_WARN__DUPLICATE_METHOD_MATCH = YES;
				COPY_PHASE_STRIP = NO;
				DEBUG_INFORMATION_FORMAT = dwarf;
				ENABLE_STRICT_OBJC_MSGSEND = YES;
				ENABLE_TESTABILITY = YES;
				ENABLE_USER_SCRIPT_SANDBOXING = YES;
				GCC_C_LANGUAGE_STANDARD = gnu17;
				GCC_DYNAMIC_NO_PIC = NO;
				GCC_NO_COMMON_BLOCKS = YES;
				GCC_OPTIMIZATION_LEVEL = 0;
				GCC_PREPROCESSOR_DEFINITIONS = (
					"DEBUG=1",
					"$(inherited)",
				);
				GCC_WARN_64_TO_32_BIT_CONVERSION = YES;
				GCC_WARN_ABOUT_RETURN_TYPE = YES_ERROR;
				GCC_WARN_UNDECLARED_SELECTOR = YES;
				GCC_WARN_UNINITIALIZED_AUTOS = YES_AGGRESSIVE;
				GCC_WARN_UNUSED_FUNCTION = YES;
				GCC_WARN_UNUSED_VARIABLE = YES;
				IPHONEOS_DEPLOYMENT_TARGET = 17.5;
				LOCALIZATION_PREFERS_STRING_CATALOGS = YES;
				MTL_ENABLE_DEBUG_INFO = INCLUDE_SOURCE;
				MTL_FAST_MATH = YES;
				ONLY_ACTIVE_ARCH = YES;
				SDKROOT = iphoneos;
				SWIFT_ACTIVE_COMPILATION_CONDITIONS = "DEBUG $(inherited)";
				SWIFT_OPTIMIZATION_LEVEL = "-Onone";
			};
			name = Debug;
		};
		7C5FA9AA2D5E46C200DF8F8B /* Release */ = {
			isa = XCBuildConfiguration;
			buildSettings = {
				ALWAYS_SEARCH_USER_PATHS = NO;
				ASSETCATALOG_COMPILER_GENERATE_SWIFT_ASSET_SYMBOL_EXTENSIONS = YES;
				CLANG_ANALYZER_NONNULL = YES;
				CLANG_ANALYZER_NUMBER_OBJECT_CONVERSION = YES_AGGRESSIVE;
				CLANG_CXX_LANGUAGE_STANDARD = "gnu++20";
				CLANG_ENABLE_MODULES = YES;
				CLANG_ENABLE_OBJC_ARC = YES;
				CLANG_ENABLE_OBJC_WEAK = YES;
				CLANG_WARN_BLOCK_CAPTURE_AUTORELEASING = YES;
				CLANG_WARN_BOOL_CONVERSION = YES;
				CLANG_WARN_COMMA = YES;
				CLANG_WARN_CONSTANT_CONVERSION = YES;
				CLANG_WARN_DEPRECATED_OBJC_IMPLEMENTATIONS = YES;
				CLANG_WARN_DIRECT_OBJC_ISA_USAGE = YES_ERROR;
				CLANG_WARN_DOCUMENTATION_COMMENTS = YES;
				CLANG_WARN_EMPTY_BODY = YES;
				CLANG_WARN_ENUM_CONVERSION = YES;
				CLANG_WARN_INFINITE_RECURSION = YES;
				CLANG_WARN_INT_CONVERSION = YES;
				CLANG_WARN_NON_LITERAL_NULL_CONVERSION = YES;
				CLANG_WARN_OBJC_IMPLICIT_RETAIN_SELF = YES;
				CLANG_WARN_OBJC_LITERAL_CONVERSION = YES;
				CLANG_WARN_OBJC_ROOT_CLASS = YES_ERROR;
				CLANG_WARN_QUOTED_INCLUDE_IN_FRAMEWORK_HEADER = YES;
				CLANG_WARN_RANGE_LOOP_ANALYSIS = YES;
				CLANG_WARN_STRICT_PROTOTYPES = YES;
				CLANG_WARN_SUSPICIOUS_MOVE = YES;
				CLANG_WARN_UNGUARDED_AVAILABILITY = YES_AGGRESSIVE;
				CLANG_WARN_UNREACHABLE_CODE = YES;
				CLANG_WARN__DUPLICATE_METHOD_MATCH = YES;
				COPY_PHASE_STRIP = NO;
				DEBUG_INFORMATION_FORMAT = "dwarf-with-dsym";
				ENABLE_NS_ASSERTIONS = NO;
				ENABLE_STRICT_OBJC_MSGSEND = YES;
				ENABLE_USER_SCRIPT_SANDBOXING = YES;
				GCC_C_LANGUAGE_STANDARD = gnu17;
				GCC_NO_COMMON_BLOCKS = YES;
				GCC_WARN_64_TO_32_BIT_CONVERSION = YES;
				GCC_WARN_ABOUT_RETURN_TYPE = YES_ERROR;
				GCC_WARN_UNDECLARED_SELECTOR = YES;
				GCC_WARN_UNINITIALIZED_AUTOS = YES_AGGRESSIVE;
				GCC_WARN_UNUSED_FUNCTION = YES;
				GCC_WARN_UNUSED_VARIABLE = YES;
				IPHONEOS_DEPLOYMENT_TARGET = 17.5;
				LOCALIZATION_PREFERS_STRING_CATALOGS = YES;
				MTL_ENABLE_DEBUG_INFO = NO;
				MTL_FAST_MATH = YES;
				SDKROOT = iphoneos;
				SWIFT_COMPILATION_MODE = wholemodule;
				VALIDATE_PRODUCT = YES;
			};
			name = Release;
		};
		7C5FA9AC2D5E46C200DF8F8B /* Debug */ = {
			isa = XCBuildConfiguration;
			buildSettings = {
				ASSETCATALOG_COMPILER_APPICON_NAME = AppIcon;
				ASSETCATALOG_COMPILER_GLOBAL_ACCENT_COLOR_NAME = AccentColor;
				CODE_SIGN_STYLE = Automatic;
				CURRENT_PROJECT_VERSION = 1;
				DEVELOPMENT_ASSET_PATHS = "\"Sprout/Preview Content\"";
				ENABLE_PREVIEWS = YES;
				GENERATE_INFOPLIST_FILE = YES;
				INFOPLIST_KEY_UIApplicationSceneManifest_Generation = YES;
				INFOPLIST_KEY_UIApplicationSupportsIndirectInputEvents = YES;
				INFOPLIST_KEY_UILaunchScreen_Generation = YES;
				INFOPLIST_KEY_UISupportedInterfaceOrientations_iPad = "UIInterfaceOrientationPortrait UIInterfaceOrientationPortraitUpsideDown UIInterfaceOrientationLandscapeLeft UIInterfaceOrientationLandscapeRight";
				INFOPLIST_KEY_UISupportedInterfaceOrientations_iPhone = "UIInterfaceOrientationPortrait UIInterfaceOrientationLandscapeLeft UIInterfaceOrientationLandscapeRight";
				LD_RUNPATH_SEARCH_PATHS = (
					"$(inherited)",
					"@executable_path/Frameworks",
				);
				MARKETING_VERSION = 1.0;
				PRODUCT_BUNDLE_IDENTIFIER = Samwu.Sprout;
				PRODUCT_NAME = "$(TARGET_NAME)";
				SWIFT_EMIT_LOC_STRINGS = YES;
				SWIFT_VERSION = 5.0;
				TARGETED_DEVICE_FAMILY = "1,2";
			};
			name = Debug;
		};
		7C5FA9AD2D5E46C200DF8F8B /* Release */ = {
			isa = XCBuildConfiguration;
			buildSettings = {
				ASSETCATALOG_COMPILER_APPICON_NAME = AppIcon;
				ASSETCATALOG_COMPILER_GLOBAL_ACCENT_COLOR_NAME = AccentColor;
				CODE_SIGN_STYLE = Automatic;
				CURRENT_PROJECT_VERSION = 1;
				DEVELOPMENT_ASSET_PATHS = "\"Sprout/Preview Content\"";
				ENABLE_PREVIEWS = YES;
				GENERATE_INFOPLIST_FILE = YES;
				INFOPLIST_KEY_UIApplicationSceneManifest_Generation = YES;
				INFOPLIST_KEY_UIApplicationSupportsIndirectInputEvents = YES;
				INFOPLIST_KEY_UILaunchScreen_Generation = YES;
				INFOPLIST_KEY_UISupportedInterfaceOrientations_iPad = "UIInterfaceOrientationPortrait UIInterfaceOrientationPortraitUpsideDown UIInterfaceOrientationLandscapeLeft UIInterfaceOrientationLandscapeRight";
				INFOPLIST_KEY_UISupportedInterfaceOrientations_iPhone = "UIInterfaceOrientationPortrait UIInterfaceOrientationLandscapeLeft UIInterfaceOrientationLandscapeRight";
				LD_RUNPATH_SEARCH_PATHS = (
					"$(inherited)",
					"@executable_path/Frameworks",
				);
				MARKETING_VERSION = 1.0;
				PRODUCT_BUNDLE_IDENTIFIER = Samwu.Sprout;
				PRODUCT_NAME = "$(TARGET_NAME)";
				SWIFT_EMIT_LOC_STRINGS = YES;
				SWIFT_VERSION = 5.0;
				TARGETED_DEVICE_FAMILY = "1,2";
			};
			name = Release;
		};
		7C5FA9AF2D5E46C200DF8F8B /* Debug */ = {
			isa = XCBuildConfiguration;
			buildSettings = {
				ALWAYS_EMBED_SWIFT_STANDARD_LIBRARIES = YES;
				BUNDLE_LOADER = "$(TEST_HOST)";
				CODE_SIGN_STYLE = Automatic;
				CURRENT_PROJECT_VERSION = 1;
				GENERATE_INFOPLIST_FILE = YES;
				IPHONEOS_DEPLOYMENT_TARGET = 17.5;
				MARKETING_VERSION = 1.0;
				PRODUCT_BUNDLE_IDENTIFIER = Samwu.SproutTests;
				PRODUCT_NAME = "$(TARGET_NAME)";
				SWIFT_EMIT_LOC_STRINGS = NO;
				SWIFT_VERSION = 5.0;
				TARGETED_DEVICE_FAMILY = "1,2";
				TEST_HOST = "$(BUILT_PRODUCTS_DIR)/Sprout.app/$(BUNDLE_EXECUTABLE_FOLDER_PATH)/Sprout";
			};
			name = Debug;
		};
		7C5FA9B02D5E46C200DF8F8B /* Release */ = {
			isa = XCBuildConfiguration;
			buildSettings = {
				ALWAYS_EMBED_SWIFT_STANDARD_LIBRARIES = YES;
				BUNDLE_LOADER = "$(TEST_HOST)";
				CODE_SIGN_STYLE = Automatic;
				CURRENT_PROJECT_VERSION = 1;
				GENERATE_INFOPLIST_FILE = YES;
				IPHONEOS_DEPLOYMENT_TARGET = 17.5;
				MARKETING_VERSION = 1.0;
				PRODUCT_BUNDLE_IDENTIFIER = Samwu.SproutTests;
				PRODUCT_NAME = "$(TARGET_NAME)";
				SWIFT_EMIT_LOC_STRINGS = NO;
				SWIFT_VERSION = 5.0;
				TARGETED_DEVICE_FAMILY = "1,2";
				TEST_HOST = "$(BUILT_PRODUCTS_DIR)/Sprout.app/$(BUNDLE_EXECUTABLE_FOLDER_PATH)/Sprout";
			};
			name = Release;
		};
		7C5FA9B22D5E46C200DF8F8B /* Debug */ = {
			isa = XCBuildConfiguration;
			buildSettings = {
				ALWAYS_EMBED_SWIFT_STANDARD_LIBRARIES = YES;
				CODE_SIGN_STYLE = Automatic;
				CURRENT_PROJECT_VERSION = 1;
				GENERATE_INFOPLIST_FILE = YES;
				MARKETING_VERSION = 1.0;
				PRODUCT_BUNDLE_IDENTIFIER = Samwu.SproutUITests;
				PRODUCT_NAME = "$(TARGET_NAME)";
				SWIFT_EMIT_LOC_STRINGS = NO;
				SWIFT_VERSION = 5.0;
				TARGETED_DEVICE_FAMILY = "1,2";
				TEST_TARGET_NAME = Sprout;
			};
			name = Debug;
		};
		7C5FA9B32D5E46C200DF8F8B /* Release */ = {
			isa = XCBuildConfiguration;
			buildSettings = {
				ALWAYS_EMBED_SWIFT_STANDARD_LIBRARIES = YES;
				CODE_SIGN_STYLE = Automatic;
				CURRENT_PROJECT_VERSION = 1;
				GENERATE_INFOPLIST_FILE = YES;
				MARKETING_VERSION = 1.0;
				PRODUCT_BUNDLE_IDENTIFIER = Samwu.SproutUITests;
				PRODUCT_NAME = "$(TARGET_NAME)";
				SWIFT_EMIT_LOC_STRINGS = NO;
				SWIFT_VERSION = 5.0;
				TARGETED_DEVICE_FAMILY = "1,2";
				TEST_TARGET_NAME = Sprout;
			};
			name = Release;
		};
/* End XCBuildConfiguration section */

/* Begin XCConfigurationList section */
		7C5FA9822D5E46C000DF8F8B /* Build configuration list for PBXProject "Sprout" */ = {
			isa = XCConfigurationList;
			buildConfigurations = (
				7C5FA9A92D5E46C200DF8F8B /* Debug */,
				7C5FA9AA2D5E46C200DF8F8B /* Release */,
			);
			defaultConfigurationIsVisible = 0;
			defaultConfigurationName = Release;
		};
		7C5FA9AB2D5E46C200DF8F8B /* Build configuration list for PBXNativeTarget "Sprout" */ = {
			isa = XCConfigurationList;
			buildConfigurations = (
				7C5FA9AC2D5E46C200DF8F8B /* Debug */,
				7C5FA9AD2D5E46C200DF8F8B /* Release */,
			);
			defaultConfigurationIsVisible = 0;
			defaultConfigurationName = Release;
		};
		7C5FA9AE2D5E46C200DF8F8B /* Build configuration list for PBXNativeTarget "SproutTests" */ = {
			isa = XCConfigurationList;
			buildConfigurations = (
				7C5FA9AF2D5E46C200DF8F8B /* Debug */,
				7C5FA9B02D5E46C200DF8F8B /* Release */,
			);
			defaultConfigurationIsVisible = 0;
			defaultConfigurationName = Release;
		};
		7C5FA9B12D5E46C200DF8F8B /* Build configuration list for PBXNativeTarget "SproutUITests" */ = {
			isa = XCConfigurationList;
			buildConfigurations = (
				7C5FA9B22D5E46C200DF8F8B /* Debug */,
				7C5FA9B32D5E46C200DF8F8B /* Release */,
			);
			defaultConfigurationIsVisible = 0;
			defaultConfigurationName = Release;
		};
/* End XCConfigurationList section */
	};
	rootObject = 7C5FA97F2D5E46C000DF8F8B /* Project object */;
}
