// !$*UTF8*$!
{
	archiveVersion = 1;
	classes = {
	};
	objectVersion = 56;
	objects = {

/* Begin PBXBuildFile section */
		7C11EDC52D65136C00C1BB02 /* GoogleService-Info.plist in Resources */ = {isa = PBXBuildFile; fileRef = 7C11EDC42D65136C00C1BB02 /* GoogleService-Info.plist */; };
		7C11EDC82D65141000C1BB02 /* FirebaseAnalytics in Frameworks */ = {isa = PBXBuildFile; productRef = 7C11EDC72D65141000C1BB02 /* FirebaseAnalytics */; };
		7C11EDCA2D65141000C1BB02 /* FirebaseAnalyticsOnDeviceConversion in Frameworks */ = {isa = PBXBuildFile; productRef = 7C11EDC92D65141000C1BB02 /* FirebaseAnalyticsOnDeviceConversion */; };
		7C11EDCC2D65141000C1BB02 /* FirebaseAnalyticsWithoutAdIdSupport in Frameworks */ = {isa = PBXBuildFile; productRef = 7C11EDCB2D65141000C1BB02 /* FirebaseAnalyticsWithoutAdIdSupport */; };
		7C11EDCE2D65141100C1BB02 /* FirebaseAppCheck in Frameworks */ = {isa = PBXBuildFile; productRef = 7C11EDCD2D65141000C1BB02 /* FirebaseAppCheck */; };
		7C11EDD02D65141100C1BB02 /* FirebaseAppDistribution-Beta in Frameworks */ = {isa = PBXBuildFile; productRef = 7C11EDCF2D65141100C1BB02 /* FirebaseAppDistribution-Beta */; };
		7C11EDD22D65141100C1BB02 /* FirebaseAuth in Frameworks */ = {isa = PBXBuildFile; productRef = 7C11EDD12D65141100C1BB02 /* FirebaseAuth */; };
		7C11EDD42D65141100C1BB02 /* FirebaseAuthCombine-Community in Frameworks */ = {isa = PBXBuildFile; productRef = 7C11EDD32D65141100C1BB02 /* FirebaseAuthCombine-Community */; };
		7C11EDD62D65141100C1BB02 /* FirebaseCore in Frameworks */ = {isa = PBXBuildFile; productRef = 7C11EDD52D65141100C1BB02 /* FirebaseCore */; };
		7C11EDD82D65141100C1BB02 /* FirebaseCrashlytics in Frameworks */ = {isa = PBXBuildFile; productRef = 7C11EDD72D65141100C1BB02 /* FirebaseCrashlytics */; };
		7C11EDDA2D65141100C1BB02 /* FirebaseDatabase in Frameworks */ = {isa = PBXBuildFile; productRef = 7C11EDD92D65141100C1BB02 /* FirebaseDatabase */; };
		7C11EDDC2D65141100C1BB02 /* FirebaseDynamicLinks in Frameworks */ = {isa = PBXBuildFile; productRef = 7C11EDDB2D65141100C1BB02 /* FirebaseDynamicLinks */; };
		7C11EDDE2D65141100C1BB02 /* FirebaseFirestore in Frameworks */ = {isa = PBXBuildFile; productRef = 7C11EDDD2D65141100C1BB02 /* FirebaseFirestore */; };
		7C11EDE02D65141100C1BB02 /* FirebaseFirestoreCombine-Community in Frameworks */ = {isa = PBXBuildFile; productRef = 7C11EDDF2D65141100C1BB02 /* FirebaseFirestoreCombine-Community */; };
		7C11EDE22D65141100C1BB02 /* FirebaseFunctions in Frameworks */ = {isa = PBXBuildFile; productRef = 7C11EDE12D65141100C1BB02 /* FirebaseFunctions */; };
		7C11EDE42D65141100C1BB02 /* FirebaseFunctionsCombine-Community in Frameworks */ = {isa = PBXBuildFile; productRef = 7C11EDE32D65141100C1BB02 /* FirebaseFunctionsCombine-Community */; };
		7C11EDE62D65141100C1BB02 /* FirebaseInAppMessaging-Beta in Frameworks */ = {isa = PBXBuildFile; productRef = 7C11EDE52D65141100C1BB02 /* FirebaseInAppMessaging-Beta */; };
		7C11EDE82D65141100C1BB02 /* FirebaseInstallations in Frameworks */ = {isa = PBXBuildFile; productRef = 7C11EDE72D65141100C1BB02 /* FirebaseInstallations */; };
		7C11EDEA2D65141100C1BB02 /* FirebaseMLModelDownloader in Frameworks */ = {isa = PBXBuildFile; productRef = 7C11EDE92D65141100C1BB02 /* FirebaseMLModelDownloader */; };
		7C11EDEC2D65141100C1BB02 /* FirebaseMessaging in Frameworks */ = {isa = PBXBuildFile; productRef = 7C11EDEB2D65141100C1BB02 /* FirebaseMessaging */; };
		7C11EDEE2D65141100C1BB02 /* FirebasePerformance in Frameworks */ = {isa = PBXBuildFile; productRef = 7C11EDED2D65141100C1BB02 /* FirebasePerformance */; };
		7C11EDF02D65141100C1BB02 /* FirebaseRemoteConfig in Frameworks */ = {isa = PBXBuildFile; productRef = 7C11EDEF2D65141100C1BB02 /* FirebaseRemoteConfig */; };
		7C11EDF22D65141100C1BB02 /* FirebaseStorage in Frameworks */ = {isa = PBXBuildFile; productRef = 7C11EDF12D65141100C1BB02 /* FirebaseStorage */; };
		7C11EDF42D65141100C1BB02 /* FirebaseStorageCombine-Community in Frameworks */ = {isa = PBXBuildFile; productRef = 7C11EDF32D65141100C1BB02 /* FirebaseStorageCombine-Community */; };
		7C11EDF62D65141100C1BB02 /* FirebaseVertexAI in Frameworks */ = {isa = PBXBuildFile; productRef = 7C11EDF52D65141100C1BB02 /* FirebaseVertexAI */; };
		7C5FA98B2D5E46C000DF8F8B /* SproutApp.swift in Sources */ = {isa = PBXBuildFile; fileRef = 7C5FA98A2D5E46C000DF8F8B /* SproutApp.swift */; };
		7C5FA98D2D5E46C000DF8F8B /* ContentView.swift in Sources */ = {isa = PBXBuildFile; fileRef = 7C5FA98C2D5E46C000DF8F8B /* ContentView.swift */; };
		7C5FA98F2D5E46C200DF8F8B /* Assets.xcassets in Resources */ = {isa = PBXBuildFile; fileRef = 7C5FA98E2D5E46C200DF8F8B /* Assets.xcassets */; };
		7C5FA9922D5E46C200DF8F8B /* Preview Assets.xcassets in Resources */ = {isa = PBXBuildFile; fileRef = 7C5FA9912D5E46C200DF8F8B /* Preview Assets.xcassets */; };
		7C5FA99C2D5E46C200DF8F8B /* SproutTests.swift in Sources */ = {isa = PBXBuildFile; fileRef = 7C5FA99B2D5E46C200DF8F8B /* SproutTests.swift */; };
		7C5FA9A62D5E46C200DF8F8B /* SproutUITests.swift in Sources */ = {isa = PBXBuildFile; fileRef = 7C5FA9A52D5E46C200DF8F8B /* SproutUITests.swift */; };
		7C5FA9A82D5E46C200DF8F8B /* SproutUITestsLaunchTests.swift in Sources */ = {isa = PBXBuildFile; fileRef = 7C5FA9A72D5E46C200DF8F8B /* SproutUITestsLaunchTests.swift */; };
		7CEF7C7F2D68F0FB00D6A430 /* HealthDataGetter.swift in Sources */ = {isa = PBXBuildFile; fileRef = 7CEF7C7E2D68F0FB00D6A430 /* HealthDataGetter.swift */; };
		7CEF7CB82D723C3D00D6A430 /* HealthData.swift in Sources */ = {isa = PBXBuildFile; fileRef = 7CEF7CB72D723C3D00D6A430 /* HealthData.swift */; };
		7CEF7CBB2D78C1C700D6A430 /* LoginView.swift in Sources */ = {isa = PBXBuildFile; fileRef = 7CEF7CBA2D78C1C700D6A430 /* LoginView.swift */; };
		7CEF7CC22D78C97100D6A430 /* AuthViewModel.swift in Sources */ = {isa = PBXBuildFile; fileRef = 7CEF7CC12D78C97100D6A430 /* AuthViewModel.swift */; };
		7CEF7CC42D78C9C000D6A430 /* HomeView.swift in Sources */ = {isa = PBXBuildFile; fileRef = 7CEF7CC32D78C9C000D6A430 /* HomeView.swift */; };
		8E1769F02D89F076008697D0 /* CharacterView.swift in Sources */ = {isa = PBXBuildFile; fileRef = 8E1769EF2D89F076008697D0 /* CharacterView.swift */; };
		8E2F78E42D7A2A600092F4C0 /* Cabin-Regular-TTF.ttf in Resources */ = {isa = PBXBuildFile; fileRef = 8E2F78E12D7A2A600092F4C0 /* Cabin-Regular-TTF.ttf */; };
		8E2F78E52D7A2A600092F4C0 /* Cabin-Regular-TTF.ttf in Resources */ = {isa = PBXBuildFile; fileRef = 8E2F78E12D7A2A600092F4C0 /* Cabin-Regular-TTF.ttf */; };
		8E2F78E62D7A2A600092F4C0 /* Cabin-Regular-TTF.ttf in Resources */ = {isa = PBXBuildFile; fileRef = 8E2F78E12D7A2A600092F4C0 /* Cabin-Regular-TTF.ttf */; };
		8E2F78E72D7A2A600092F4C0 /* Chewy-Regular.ttf in Resources */ = {isa = PBXBuildFile; fileRef = 8E2F78E22D7A2A600092F4C0 /* Chewy-Regular.ttf */; };
		8E2F78E82D7A2A600092F4C0 /* Chewy-Regular.ttf in Resources */ = {isa = PBXBuildFile; fileRef = 8E2F78E22D7A2A600092F4C0 /* Chewy-Regular.ttf */; };
		8E2F78E92D7A2A600092F4C0 /* Chewy-Regular.ttf in Resources */ = {isa = PBXBuildFile; fileRef = 8E2F78E22D7A2A600092F4C0 /* Chewy-Regular.ttf */; };
		8E2F78EA2D7A2A600092F4C0 /* Dekko-Regular.ttf in Resources */ = {isa = PBXBuildFile; fileRef = 8E2F78E32D7A2A600092F4C0 /* Dekko-Regular.ttf */; };
		8E2F78EB2D7A2A600092F4C0 /* Dekko-Regular.ttf in Resources */ = {isa = PBXBuildFile; fileRef = 8E2F78E32D7A2A600092F4C0 /* Dekko-Regular.ttf */; };
		8E2F78EC2D7A2A600092F4C0 /* Dekko-Regular.ttf in Resources */ = {isa = PBXBuildFile; fileRef = 8E2F78E32D7A2A600092F4C0 /* Dekko-Regular.ttf */; };
/* End PBXBuildFile section */

/* Begin PBXContainerItemProxy section */
		7C5FA9982D5E46C200DF8F8B /* PBXContainerItemProxy */ = {
			isa = PBXContainerItemProxy;
			containerPortal = 7C5FA97F2D5E46C000DF8F8B /* Project object */;
			proxyType = 1;
			remoteGlobalIDString = 7C5FA9862D5E46C000DF8F8B;
			remoteInfo = Sprout;
		};
		7C5FA9A22D5E46C200DF8F8B /* PBXContainerItemProxy */ = {
			isa = PBXContainerItemProxy;
			containerPortal = 7C5FA97F2D5E46C000DF8F8B /* Project object */;
			proxyType = 1;
			remoteGlobalIDString = 7C5FA9862D5E46C000DF8F8B;
			remoteInfo = Sprout;
		};
/* End PBXContainerItemProxy section */

/* Begin PBXFileReference section */
		7C11EDC42D65136C00C1BB02 /* GoogleService-Info.plist */ = {isa = PBXFileReference; fileEncoding = 4; lastKnownFileType = text.plist.xml; path = "GoogleService-Info.plist"; sourceTree = "<group>"; };
		7C5FA9872D5E46C000DF8F8B /* Sprout.app */ = {isa = PBXFileReference; explicitFileType = wrapper.application; includeInIndex = 0; path = Sprout.app; sourceTree = BUILT_PRODUCTS_DIR; };
		7C5FA98A2D5E46C000DF8F8B /* SproutApp.swift */ = {isa = PBXFileReference; lastKnownFileType = sourcecode.swift; path = SproutApp.swift; sourceTree = "<group>"; };
		7C5FA98C2D5E46C000DF8F8B /* ContentView.swift */ = {isa = PBXFileReference; lastKnownFileType = sourcecode.swift; path = ContentView.swift; sourceTree = "<group>"; };
		7C5FA98E2D5E46C200DF8F8B /* Assets.xcassets */ = {isa = PBXFileReference; lastKnownFileType = folder.assetcatalog; path = Assets.xcassets; sourceTree = "<group>"; };
		7C5FA9912D5E46C200DF8F8B /* Preview Assets.xcassets */ = {isa = PBXFileReference; lastKnownFileType = folder.assetcatalog; path = "Preview Assets.xcassets"; sourceTree = "<group>"; };
		7C5FA9972D5E46C200DF8F8B /* SproutTests.xctest */ = {isa = PBXFileReference; explicitFileType = wrapper.cfbundle; includeInIndex = 0; path = SproutTests.xctest; sourceTree = BUILT_PRODUCTS_DIR; };
		7C5FA99B2D5E46C200DF8F8B /* SproutTests.swift */ = {isa = PBXFileReference; lastKnownFileType = sourcecode.swift; path = SproutTests.swift; sourceTree = "<group>"; };
		7C5FA9A12D5E46C200DF8F8B /* SproutUITests.xctest */ = {isa = PBXFileReference; explicitFileType = wrapper.cfbundle; includeInIndex = 0; path = SproutUITests.xctest; sourceTree = BUILT_PRODUCTS_DIR; };
		7C5FA9A52D5E46C200DF8F8B /* SproutUITests.swift */ = {isa = PBXFileReference; lastKnownFileType = sourcecode.swift; path = SproutUITests.swift; sourceTree = "<group>"; };
		7C5FA9A72D5E46C200DF8F8B /* SproutUITestsLaunchTests.swift */ = {isa = PBXFileReference; lastKnownFileType = sourcecode.swift; path = SproutUITestsLaunchTests.swift; sourceTree = "<group>"; };
		7CEF7C7E2D68F0FB00D6A430 /* HealthDataGetter.swift */ = {isa = PBXFileReference; lastKnownFileType = sourcecode.swift; path = HealthDataGetter.swift; sourceTree = "<group>"; };
		7CEF7C802D68F1D400D6A430 /* Sprout.entitlements */ = {isa = PBXFileReference; lastKnownFileType = text.plist.entitlements; path = Sprout.entitlements; sourceTree = "<group>"; };
		7CEF7CB72D723C3D00D6A430 /* HealthData.swift */ = {isa = PBXFileReference; lastKnownFileType = sourcecode.swift; path = HealthData.swift; sourceTree = "<group>"; };
		7CEF7CBA2D78C1C700D6A430 /* LoginView.swift */ = {isa = PBXFileReference; lastKnownFileType = sourcecode.swift; path = LoginView.swift; sourceTree = "<group>"; };
		7CEF7CC12D78C97100D6A430 /* AuthViewModel.swift */ = {isa = PBXFileReference; lastKnownFileType = sourcecode.swift; path = AuthViewModel.swift; sourceTree = "<group>"; };
		7CEF7CC32D78C9C000D6A430 /* HomeView.swift */ = {isa = PBXFileReference; lastKnownFileType = sourcecode.swift; path = HomeView.swift; sourceTree = "<group>"; };
		8E1769EF2D89F076008697D0 /* CharacterView.swift */ = {isa = PBXFileReference; lastKnownFileType = sourcecode.swift; path = CharacterView.swift; sourceTree = "<group>"; };
		8E2F78DF2D7A28580092F4C0 /* Info.plist */ = {isa = PBXFileReference; lastKnownFileType = text.plist; path = Info.plist; sourceTree = "<group>"; };
		8E2F78E12D7A2A600092F4C0 /* Cabin-Regular-TTF.ttf */ = {isa = PBXFileReference; lastKnownFileType = file; path = "Cabin-Regular-TTF.ttf"; sourceTree = "<group>"; };
		8E2F78E22D7A2A600092F4C0 /* Chewy-Regular.ttf */ = {isa = PBXFileReference; lastKnownFileType = file; path = "Chewy-Regular.ttf"; sourceTree = "<group>"; };
		8E2F78E32D7A2A600092F4C0 /* Dekko-Regular.ttf */ = {isa = PBXFileReference; lastKnownFileType = file; path = "Dekko-Regular.ttf"; sourceTree = "<group>"; };
/* End PBXFileReference section */

/* Begin PBXFrameworksBuildPhase section */
		7C5FA9842D5E46C000DF8F8B /* Frameworks */ = {
			isa = PBXFrameworksBuildPhase;
			buildActionMask = 2147483647;
			files = (
				7C11EDE02D65141100C1BB02 /* FirebaseFirestoreCombine-Community in Frameworks */,
				7C11EDF62D65141100C1BB02 /* FirebaseVertexAI in Frameworks */,
				7C11EDE22D65141100C1BB02 /* FirebaseFunctions in Frameworks */,
				7C11EDEE2D65141100C1BB02 /* FirebasePerformance in Frameworks */,
				7C11EDF42D65141100C1BB02 /* FirebaseStorageCombine-Community in Frameworks */,
				7C11EDF02D65141100C1BB02 /* FirebaseRemoteConfig in Frameworks */,
				7C11EDDA2D65141100C1BB02 /* FirebaseDatabase in Frameworks */,
				7C11EDDC2D65141100C1BB02 /* FirebaseDynamicLinks in Frameworks */,
				7C11EDCE2D65141100C1BB02 /* FirebaseAppCheck in Frameworks */,
				7C11EDD22D65141100C1BB02 /* FirebaseAuth in Frameworks */,
				7C11EDC82D65141000C1BB02 /* FirebaseAnalytics in Frameworks */,
				7C11EDDE2D65141100C1BB02 /* FirebaseFirestore in Frameworks */,
				7C11EDEC2D65141100C1BB02 /* FirebaseMessaging in Frameworks */,
				7C11EDE82D65141100C1BB02 /* FirebaseInstallations in Frameworks */,
				7C11EDE42D65141100C1BB02 /* FirebaseFunctionsCombine-Community in Frameworks */,
				7C11EDD02D65141100C1BB02 /* FirebaseAppDistribution-Beta in Frameworks */,
				7C11EDCC2D65141000C1BB02 /* FirebaseAnalyticsWithoutAdIdSupport in Frameworks */,
				7C11EDE62D65141100C1BB02 /* FirebaseInAppMessaging-Beta in Frameworks */,
				7C11EDD42D65141100C1BB02 /* FirebaseAuthCombine-Community in Frameworks */,
				7C11EDD82D65141100C1BB02 /* FirebaseCrashlytics in Frameworks */,
				7C11EDEA2D65141100C1BB02 /* FirebaseMLModelDownloader in Frameworks */,
				7C11EDF22D65141100C1BB02 /* FirebaseStorage in Frameworks */,
				7C11EDD62D65141100C1BB02 /* FirebaseCore in Frameworks */,
				7C11EDCA2D65141000C1BB02 /* FirebaseAnalyticsOnDeviceConversion in Frameworks */,
			);
			runOnlyForDeploymentPostprocessing = 0;
		};
		7C5FA9942D5E46C200DF8F8B /* Frameworks */ = {
			isa = PBXFrameworksBuildPhase;
			buildActionMask = 2147483647;
			files = (
			);
			runOnlyForDeploymentPostprocessing = 0;
		};
		7C5FA99E2D5E46C200DF8F8B /* Frameworks */ = {
			isa = PBXFrameworksBuildPhase;
			buildActionMask = 2147483647;
			files = (
			);
			runOnlyForDeploymentPostprocessing = 0;
		};
/* End PBXFrameworksBuildPhase section */

/* Begin PBXGroup section */
		7C5FA97E2D5E46C000DF8F8B = {
			isa = PBXGroup;
			children = (
				7C5FA9892D5E46C000DF8F8B /* Sprout */,
				7C5FA99A2D5E46C200DF8F8B /* SproutTests */,
				7C5FA9A42D5E46C200DF8F8B /* SproutUITests */,
				7C5FA9882D5E46C000DF8F8B /* Products */,
			);
			sourceTree = "<group>";
		};
		7C5FA9882D5E46C000DF8F8B /* Products */ = {
			isa = PBXGroup;
			children = (
				7C5FA9872D5E46C000DF8F8B /* Sprout.app */,
				7C5FA9972D5E46C200DF8F8B /* SproutTests.xctest */,
				7C5FA9A12D5E46C200DF8F8B /* SproutUITests.xctest */,
			);
			name = Products;
			sourceTree = "<group>";
		};
		7C5FA9892D5E46C000DF8F8B /* Sprout */ = {
			isa = PBXGroup;
			children = (
				8E2F78E02D7A2A4B0092F4C0 /* Fonts */,
				8E2F78DF2D7A28580092F4C0 /* Info.plist */,
				7CEF7C802D68F1D400D6A430 /* Sprout.entitlements */,
				7C11EDC42D65136C00C1BB02 /* GoogleService-Info.plist */,
				7C5FA98A2D5E46C000DF8F8B /* SproutApp.swift */,
				7CEF7CC02D78C6B200D6A430 /* Controllers */,
				7CEF7CBF2D78C66900D6A430 /* Views */,
				7CEF7CBE2D78C53600D6A430 /* Models */,
				7CEF7CBD2D78C4FF00D6A430 /* Services */,
				7C5FA98E2D5E46C200DF8F8B /* Assets.xcassets */,
				7C5FA9902D5E46C200DF8F8B /* Preview Content */,
			);
			path = Sprout;
			sourceTree = "<group>";
		};
		7C5FA9902D5E46C200DF8F8B /* Preview Content */ = {
			isa = PBXGroup;
			children = (
				7C5FA9912D5E46C200DF8F8B /* Preview Assets.xcassets */,
			);
			path = "Preview Content";
			sourceTree = "<group>";
		};
		7C5FA99A2D5E46C200DF8F8B /* SproutTests */ = {
			isa = PBXGroup;
			children = (
				7C5FA99B2D5E46C200DF8F8B /* SproutTests.swift */,
			);
			path = SproutTests;
			sourceTree = "<group>";
		};
		7C5FA9A42D5E46C200DF8F8B /* SproutUITests */ = {
			isa = PBXGroup;
			children = (
				7C5FA9A52D5E46C200DF8F8B /* SproutUITests.swift */,
				7C5FA9A72D5E46C200DF8F8B /* SproutUITestsLaunchTests.swift */,
			);
			path = SproutUITests;
			sourceTree = "<group>";
		};
		7CEF7CBD2D78C4FF00D6A430 /* Services */ = {
			isa = PBXGroup;
			children = (
				7CEF7C7E2D68F0FB00D6A430 /* HealthDataGetter.swift */,
			);
			path = Services;
			sourceTree = "<group>";
		};
		7CEF7CBE2D78C53600D6A430 /* Models */ = {
			isa = PBXGroup;
			children = (
				7CEF7CB72D723C3D00D6A430 /* HealthData.swift */,
				7CEF7CC12D78C97100D6A430 /* AuthViewModel.swift */,
			);
			path = Models;
			sourceTree = "<group>";
		};
		7CEF7CBF2D78C66900D6A430 /* Views */ = {
			isa = PBXGroup;
			children = (
				7C5FA98C2D5E46C000DF8F8B /* ContentView.swift */,
				7CEF7CBA2D78C1C700D6A430 /* LoginView.swift */,
				7CEF7CC32D78C9C000D6A430 /* HomeView.swift */,
				8E1769EF2D89F076008697D0 /* CharacterView.swift */,
			);
			path = Views;
			sourceTree = "<group>";
		};
		7CEF7CC02D78C6B200D6A430 /* Controllers */ = {
			isa = PBXGroup;
			children = (
			);
			path = Controllers;
			sourceTree = "<group>";
		};
		8E2F78E02D7A2A4B0092F4C0 /* Fonts */ = {
			isa = PBXGroup;
			children = (
				8E2F78E12D7A2A600092F4C0 /* Cabin-Regular-TTF.ttf */,
				8E2F78E22D7A2A600092F4C0 /* Chewy-Regular.ttf */,
				8E2F78E32D7A2A600092F4C0 /* Dekko-Regular.ttf */,
			);
			path = Fonts;
			sourceTree = "<group>";
		};
/* End PBXGroup section */

/* Begin PBXNativeTarget section */
		7C5FA9862D5E46C000DF8F8B /* Sprout */ = {
			isa = PBXNativeTarget;
			buildConfigurationList = 7C5FA9AB2D5E46C200DF8F8B /* Build configuration list for PBXNativeTarget "Sprout" */;
			buildPhases = (
				7C5FA9832D5E46C000DF8F8B /* Sources */,
				7C5FA9842D5E46C000DF8F8B /* Frameworks */,
				7C5FA9852D5E46C000DF8F8B /* Resources */,
			);
			buildRules = (
			);
			dependencies = (
			);
			name = Sprout;
			packageProductDependencies = (
				7C11EDC72D65141000C1BB02 /* FirebaseAnalytics */,
				7C11EDC92D65141000C1BB02 /* FirebaseAnalyticsOnDeviceConversion */,
				7C11EDCB2D65141000C1BB02 /* FirebaseAnalyticsWithoutAdIdSupport */,
				7C11EDCD2D65141000C1BB02 /* FirebaseAppCheck */,
				7C11EDCF2D65141100C1BB02 /* FirebaseAppDistribution-Beta */,
				7C11EDD12D65141100C1BB02 /* FirebaseAuth */,
				7C11EDD32D65141100C1BB02 /* FirebaseAuthCombine-Community */,
				7C11EDD52D65141100C1BB02 /* FirebaseCore */,
				7C11EDD72D65141100C1BB02 /* FirebaseCrashlytics */,
				7C11EDD92D65141100C1BB02 /* FirebaseDatabase */,
				7C11EDDB2D65141100C1BB02 /* FirebaseDynamicLinks */,
				7C11EDDD2D65141100C1BB02 /* FirebaseFirestore */,
				7C11EDDF2D65141100C1BB02 /* FirebaseFirestoreCombine-Community */,
				7C11EDE12D65141100C1BB02 /* FirebaseFunctions */,
				7C11EDE32D65141100C1BB02 /* FirebaseFunctionsCombine-Community */,
				7C11EDE52D65141100C1BB02 /* FirebaseInAppMessaging-Beta */,
				7C11EDE72D65141100C1BB02 /* FirebaseInstallations */,
				7C11EDE92D65141100C1BB02 /* FirebaseMLModelDownloader */,
				7C11EDEB2D65141100C1BB02 /* FirebaseMessaging */,
				7C11EDED2D65141100C1BB02 /* FirebasePerformance */,
				7C11EDEF2D65141100C1BB02 /* FirebaseRemoteConfig */,
				7C11EDF12D65141100C1BB02 /* FirebaseStorage */,
				7C11EDF32D65141100C1BB02 /* FirebaseStorageCombine-Community */,
				7C11EDF52D65141100C1BB02 /* FirebaseVertexAI */,
			);
			productName = Sprout;
			productReference = 7C5FA9872D5E46C000DF8F8B /* Sprout.app */;
			productType = "com.apple.product-type.application";
		};
		7C5FA9962D5E46C200DF8F8B /* SproutTests */ = {
			isa = PBXNativeTarget;
			buildConfigurationList = 7C5FA9AE2D5E46C200DF8F8B /* Build configuration list for PBXNativeTarget "SproutTests" */;
			buildPhases = (
				7C5FA9932D5E46C200DF8F8B /* Sources */,
				7C5FA9942D5E46C200DF8F8B /* Frameworks */,
				7C5FA9952D5E46C200DF8F8B /* Resources */,
			);
			buildRules = (
			);
			dependencies = (
				7C5FA9992D5E46C200DF8F8B /* PBXTargetDependency */,
			);
			name = SproutTests;
			productName = SproutTests;
			productReference = 7C5FA9972D5E46C200DF8F8B /* SproutTests.xctest */;
			productType = "com.apple.product-type.bundle.unit-test";
		};
		7C5FA9A02D5E46C200DF8F8B /* SproutUITests */ = {
			isa = PBXNativeTarget;
			buildConfigurationList = 7C5FA9B12D5E46C200DF8F8B /* Build configuration list for PBXNativeTarget "SproutUITests" */;
			buildPhases = (
				7C5FA99D2D5E46C200DF8F8B /* Sources */,
				7C5FA99E2D5E46C200DF8F8B /* Frameworks */,
				7C5FA99F2D5E46C200DF8F8B /* Resources */,
			);
			buildRules = (
			);
			dependencies = (
				7C5FA9A32D5E46C200DF8F8B /* PBXTargetDependency */,
			);
			name = SproutUITests;
			productName = SproutUITests;
			productReference = 7C5FA9A12D5E46C200DF8F8B /* SproutUITests.xctest */;
			productType = "com.apple.product-type.bundle.ui-testing";
		};
/* End PBXNativeTarget section */

/* Begin PBXProject section */
		7C5FA97F2D5E46C000DF8F8B /* Project object */ = {
			isa = PBXProject;
			attributes = {
				BuildIndependentTargetsInParallel = 1;
				LastSwiftUpdateCheck = 1540;
				LastUpgradeCheck = 1540;
				TargetAttributes = {
					7C5FA9862D5E46C000DF8F8B = {
						CreatedOnToolsVersion = 15.4;
					};
					7C5FA9962D5E46C200DF8F8B = {
						CreatedOnToolsVersion = 15.4;
						TestTargetID = 7C5FA9862D5E46C000DF8F8B;
					};
					7C5FA9A02D5E46C200DF8F8B = {
						CreatedOnToolsVersion = 15.4;
						TestTargetID = 7C5FA9862D5E46C000DF8F8B;
					};
				};
			};
			buildConfigurationList = 7C5FA9822D5E46C000DF8F8B /* Build configuration list for PBXProject "Sprout" */;
			compatibilityVersion = "Xcode 14.0";
			developmentRegion = en;
			hasScannedForEncodings = 0;
			knownRegions = (
				en,
				Base,
			);
			mainGroup = 7C5FA97E2D5E46C000DF8F8B;
			packageReferences = (
				7C11EDC62D65141000C1BB02 /* XCRemoteSwiftPackageReference "firebase-ios-sdk" */,
			);
			productRefGroup = 7C5FA9882D5E46C000DF8F8B /* Products */;
			projectDirPath = "";
			projectRoot = "";
			targets = (
				7C5FA9862D5E46C000DF8F8B /* Sprout */,
				7C5FA9962D5E46C200DF8F8B /* SproutTests */,
				7C5FA9A02D5E46C200DF8F8B /* SproutUITests */,
			);
		};
/* End PBXProject section */

/* Begin PBXResourcesBuildPhase section */
		7C5FA9852D5E46C000DF8F8B /* Resources */ = {
			isa = PBXResourcesBuildPhase;
			buildActionMask = 2147483647;
			files = (
				8E2F78E72D7A2A600092F4C0 /* Chewy-Regular.ttf in Resources */,
				8E2F78E42D7A2A600092F4C0 /* Cabin-Regular-TTF.ttf in Resources */,
				8E2F78EA2D7A2A600092F4C0 /* Dekko-Regular.ttf in Resources */,
				7C5FA9922D5E46C200DF8F8B /* Preview Assets.xcassets in Resources */,
				7C5FA98F2D5E46C200DF8F8B /* Assets.xcassets in Resources */,
				7C11EDC52D65136C00C1BB02 /* GoogleService-Info.plist in Resources */,
			);
			runOnlyForDeploymentPostprocessing = 0;
		};
		7C5FA9952D5E46C200DF8F8B /* Resources */ = {
			isa = PBXResourcesBuildPhase;
			buildActionMask = 2147483647;
			files = (
				8E2F78E82D7A2A600092F4C0 /* Chewy-Regular.ttf in Resources */,
				8E2F78E52D7A2A600092F4C0 /* Cabin-Regular-TTF.ttf in Resources */,
				8E2F78EB2D7A2A600092F4C0 /* Dekko-Regular.ttf in Resources */,
			);
			runOnlyForDeploymentPostprocessing = 0;
		};
		7C5FA99F2D5E46C200DF8F8B /* Resources */ = {
			isa = PBXResourcesBuildPhase;
			buildActionMask = 2147483647;
			files = (
				8E2F78E92D7A2A600092F4C0 /* Chewy-Regular.ttf in Resources */,
				8E2F78E62D7A2A600092F4C0 /* Cabin-Regular-TTF.ttf in Resources */,
				8E2F78EC2D7A2A600092F4C0 /* Dekko-Regular.ttf in Resources */,
			);
			runOnlyForDeploymentPostprocessing = 0;
		};
/* End PBXResourcesBuildPhase section */

/* Begin PBXSourcesBuildPhase section */
		7C5FA9832D5E46C000DF8F8B /* Sources */ = {
			isa = PBXSourcesBuildPhase;
			buildActionMask = 2147483647;
			files = (
				7C5FA98D2D5E46C000DF8F8B /* ContentView.swift in Sources */,
				7CEF7CC42D78C9C000D6A430 /* HomeView.swift in Sources */,
				7C5FA98B2D5E46C000DF8F8B /* SproutApp.swift in Sources */,
				7CEF7CC22D78C97100D6A430 /* AuthViewModel.swift in Sources */,
				7CEF7C7F2D68F0FB00D6A430 /* HealthDataGetter.swift in Sources */,
				7CEF7CBB2D78C1C700D6A430 /* LoginView.swift in Sources */,
				8E1769F02D89F076008697D0 /* CharacterView.swift in Sources */,
				7CEF7CB82D723C3D00D6A430 /* HealthData.swift in Sources */,
			);
			runOnlyForDeploymentPostprocessing = 0;
		};
		7C5FA9932D5E46C200DF8F8B /* Sources */ = {
			isa = PBXSourcesBuildPhase;
			buildActionMask = 2147483647;
			files = (
				7C5FA99C2D5E46C200DF8F8B /* SproutTests.swift in Sources */,
			);
			runOnlyForDeploymentPostprocessing = 0;
		};
		7C5FA99D2D5E46C200DF8F8B /* Sources */ = {
			isa = PBXSourcesBuildPhase;
			buildActionMask = 2147483647;
			files = (
				7C5FA9A62D5E46C200DF8F8B /* SproutUITests.swift in Sources */,
				7C5FA9A82D5E46C200DF8F8B /* SproutUITestsLaunchTests.swift in Sources */,
			);
			runOnlyForDeploymentPostprocessing = 0;
		};
/* End PBXSourcesBuildPhase section */

/* Begin PBXTargetDependency section */
		7C5FA9992D5E46C200DF8F8B /* PBXTargetDependency */ = {
			isa = PBXTargetDependency;
			target = 7C5FA9862D5E46C000DF8F8B /* Sprout */;
			targetProxy = 7C5FA9982D5E46C200DF8F8B /* PBXContainerItemProxy */;
		};
		7C5FA9A32D5E46C200DF8F8B /* PBXTargetDependency */ = {
			isa = PBXTargetDependency;
			target = 7C5FA9862D5E46C000DF8F8B /* Sprout */;
			targetProxy = 7C5FA9A22D5E46C200DF8F8B /* PBXContainerItemProxy */;
		};
/* End PBXTargetDependency section */

/* Begin XCBuildConfiguration section */
		7C5FA9A92D5E46C200DF8F8B /* Debug */ = {
			isa = XCBuildConfiguration;
			buildSettings = {
				ALWAYS_SEARCH_USER_PATHS = NO;
				ASSETCATALOG_COMPILER_GENERATE_SWIFT_ASSET_SYMBOL_EXTENSIONS = YES;
				CLANG_ANALYZER_NONNULL = YES;
				CLANG_ANALYZER_NUMBER_OBJECT_CONVERSION = YES_AGGRESSIVE;
				CLANG_CXX_LANGUAGE_STANDARD = "gnu++20";
				CLANG_ENABLE_MODULES = YES;
				CLANG_ENABLE_OBJC_ARC = YES;
				CLANG_ENABLE_OBJC_WEAK = YES;
				CLANG_WARN_BLOCK_CAPTURE_AUTORELEASING = YES;
				CLANG_WARN_BOOL_CONVERSION = YES;
				CLANG_WARN_COMMA = YES;
				CLANG_WARN_CONSTANT_CONVERSION = YES;
				CLANG_WARN_DEPRECATED_OBJC_IMPLEMENTATIONS = YES;
				CLANG_WARN_DIRECT_OBJC_ISA_USAGE = YES_ERROR;
				CLANG_WARN_DOCUMENTATION_COMMENTS = YES;
				CLANG_WARN_EMPTY_BODY = YES;
				CLANG_WARN_ENUM_CONVERSION = YES;
				CLANG_WARN_INFINITE_RECURSION = YES;
				CLANG_WARN_INT_CONVERSION = YES;
				CLANG_WARN_NON_LITERAL_NULL_CONVERSION = YES;
				CLANG_WARN_OBJC_IMPLICIT_RETAIN_SELF = YES;
				CLANG_WARN_OBJC_LITERAL_CONVERSION = YES;
				CLANG_WARN_OBJC_ROOT_CLASS = YES_ERROR;
				CLANG_WARN_QUOTED_INCLUDE_IN_FRAMEWORK_HEADER = YES;
				CLANG_WARN_RANGE_LOOP_ANALYSIS = YES;
				CLANG_WARN_STRICT_PROTOTYPES = YES;
				CLANG_WARN_SUSPICIOUS_MOVE = YES;
				CLANG_WARN_UNGUARDED_AVAILABILITY = YES_AGGRESSIVE;
				CLANG_WARN_UNREACHABLE_CODE = YES;
				CLANG_WARN__DUPLICATE_METHOD_MATCH = YES;
				COPY_PHASE_STRIP = NO;
				DEBUG_INFORMATION_FORMAT = dwarf;
				ENABLE_STRICT_OBJC_MSGSEND = YES;
				ENABLE_TESTABILITY = YES;
				ENABLE_USER_SCRIPT_SANDBOXING = YES;
				GCC_C_LANGUAGE_STANDARD = gnu17;
				GCC_DYNAMIC_NO_PIC = NO;
				GCC_NO_COMMON_BLOCKS = YES;
				GCC_OPTIMIZATION_LEVEL = 0;
				GCC_PREPROCESSOR_DEFINITIONS = (
					"DEBUG=1",
					"$(inherited)",
				);
				GCC_WARN_64_TO_32_BIT_CONVERSION = YES;
				GCC_WARN_ABOUT_RETURN_TYPE = YES_ERROR;
				GCC_WARN_UNDECLARED_SELECTOR = YES;
				GCC_WARN_UNINITIALIZED_AUTOS = YES_AGGRESSIVE;
				GCC_WARN_UNUSED_FUNCTION = YES;
				GCC_WARN_UNUSED_VARIABLE = YES;
				IPHONEOS_DEPLOYMENT_TARGET = 17.5;
				LOCALIZATION_PREFERS_STRING_CATALOGS = YES;
				MTL_ENABLE_DEBUG_INFO = INCLUDE_SOURCE;
				MTL_FAST_MATH = YES;
				ONLY_ACTIVE_ARCH = YES;
				SDKROOT = iphoneos;
				SWIFT_ACTIVE_COMPILATION_CONDITIONS = "DEBUG $(inherited)";
				SWIFT_OPTIMIZATION_LEVEL = "-Onone";
			};
			name = Debug;
		};
		7C5FA9AA2D5E46C200DF8F8B /* Release */ = {
			isa = XCBuildConfiguration;
			buildSettings = {
				ALWAYS_SEARCH_USER_PATHS = NO;
				ASSETCATALOG_COMPILER_GENERATE_SWIFT_ASSET_SYMBOL_EXTENSIONS = YES;
				CLANG_ANALYZER_NONNULL = YES;
				CLANG_ANALYZER_NUMBER_OBJECT_CONVERSION = YES_AGGRESSIVE;
				CLANG_CXX_LANGUAGE_STANDARD = "gnu++20";
				CLANG_ENABLE_MODULES = YES;
				CLANG_ENABLE_OBJC_ARC = YES;
				CLANG_ENABLE_OBJC_WEAK = YES;
				CLANG_WARN_BLOCK_CAPTURE_AUTORELEASING = YES;
				CLANG_WARN_BOOL_CONVERSION = YES;
				CLANG_WARN_COMMA = YES;
				CLANG_WARN_CONSTANT_CONVERSION = YES;
				CLANG_WARN_DEPRECATED_OBJC_IMPLEMENTATIONS = YES;
				CLANG_WARN_DIRECT_OBJC_ISA_USAGE = YES_ERROR;
				CLANG_WARN_DOCUMENTATION_COMMENTS = YES;
				CLANG_WARN_EMPTY_BODY = YES;
				CLANG_WARN_ENUM_CONVERSION = YES;
				CLANG_WARN_INFINITE_RECURSION = YES;
				CLANG_WARN_INT_CONVERSION = YES;
				CLANG_WARN_NON_LITERAL_NULL_CONVERSION = YES;
				CLANG_WARN_OBJC_IMPLICIT_RETAIN_SELF = YES;
				CLANG_WARN_OBJC_LITERAL_CONVERSION = YES;
				CLANG_WARN_OBJC_ROOT_CLASS = YES_ERROR;
				CLANG_WARN_QUOTED_INCLUDE_IN_FRAMEWORK_HEADER = YES;
				CLANG_WARN_RANGE_LOOP_ANALYSIS = YES;
				CLANG_WARN_STRICT_PROTOTYPES = YES;
				CLANG_WARN_SUSPICIOUS_MOVE = YES;
				CLANG_WARN_UNGUARDED_AVAILABILITY = YES_AGGRESSIVE;
				CLANG_WARN_UNREACHABLE_CODE = YES;
				CLANG_WARN__DUPLICATE_METHOD_MATCH = YES;
				COPY_PHASE_STRIP = NO;
				DEBUG_INFORMATION_FORMAT = "dwarf-with-dsym";
				ENABLE_NS_ASSERTIONS = NO;
				ENABLE_STRICT_OBJC_MSGSEND = YES;
				ENABLE_USER_SCRIPT_SANDBOXING = YES;
				GCC_C_LANGUAGE_STANDARD = gnu17;
				GCC_NO_COMMON_BLOCKS = YES;
				GCC_WARN_64_TO_32_BIT_CONVERSION = YES;
				GCC_WARN_ABOUT_RETURN_TYPE = YES_ERROR;
				GCC_WARN_UNDECLARED_SELECTOR = YES;
				GCC_WARN_UNINITIALIZED_AUTOS = YES_AGGRESSIVE;
				GCC_WARN_UNUSED_FUNCTION = YES;
				GCC_WARN_UNUSED_VARIABLE = YES;
				IPHONEOS_DEPLOYMENT_TARGET = 17.5;
				LOCALIZATION_PREFERS_STRING_CATALOGS = YES;
				MTL_ENABLE_DEBUG_INFO = NO;
				MTL_FAST_MATH = YES;
				SDKROOT = iphoneos;
				SWIFT_COMPILATION_MODE = wholemodule;
				VALIDATE_PRODUCT = YES;
			};
			name = Release;
		};
		7C5FA9AC2D5E46C200DF8F8B /* Debug */ = {
			isa = XCBuildConfiguration;
			buildSettings = {
				ASSETCATALOG_COMPILER_APPICON_NAME = AppIcon;
				ASSETCATALOG_COMPILER_GLOBAL_ACCENT_COLOR_NAME = AccentColor;
				CODE_SIGN_ENTITLEMENTS = Sprout/Sprout.entitlements;
				CODE_SIGN_STYLE = Automatic;
				CURRENT_PROJECT_VERSION = 1;
				DEVELOPMENT_ASSET_PATHS = "\"Sprout/Preview Content\"";
				ENABLE_PREVIEWS = YES;
				GENERATE_INFOPLIST_FILE = YES;
				INFOPLIST_FILE = Sprout/Info.plist;
				INFOPLIST_KEY_UIApplicationSceneManifest_Generation = YES;
				INFOPLIST_KEY_UIApplicationSupportsIndirectInputEvents = YES;
				INFOPLIST_KEY_UILaunchScreen_Generation = YES;
				INFOPLIST_KEY_UISupportedInterfaceOrientations_iPad = "UIInterfaceOrientationPortrait UIInterfaceOrientationPortraitUpsideDown UIInterfaceOrientationLandscapeLeft UIInterfaceOrientationLandscapeRight";
				INFOPLIST_KEY_UISupportedInterfaceOrientations_iPhone = "UIInterfaceOrientationPortrait UIInterfaceOrientationLandscapeLeft UIInterfaceOrientationLandscapeRight";
				LD_RUNPATH_SEARCH_PATHS = (
					"$(inherited)",
					"@executable_path/Frameworks",
				);
				MARKETING_VERSION = 1.0;
				PRODUCT_BUNDLE_IDENTIFIER = Samwu.Sprout;
				PRODUCT_NAME = "$(TARGET_NAME)";
				SWIFT_EMIT_LOC_STRINGS = YES;
				SWIFT_VERSION = 5.0;
				TARGETED_DEVICE_FAMILY = "1,2";
			};
			name = Debug;
		};
		7C5FA9AD2D5E46C200DF8F8B /* Release */ = {
			isa = XCBuildConfiguration;
			buildSettings = {
				ASSETCATALOG_COMPILER_APPICON_NAME = AppIcon;
				ASSETCATALOG_COMPILER_GLOBAL_ACCENT_COLOR_NAME = AccentColor;
				CODE_SIGN_ENTITLEMENTS = Sprout/Sprout.entitlements;
				CODE_SIGN_STYLE = Automatic;
				CURRENT_PROJECT_VERSION = 1;
				DEVELOPMENT_ASSET_PATHS = "\"Sprout/Preview Content\"";
				ENABLE_PREVIEWS = YES;
				GENERATE_INFOPLIST_FILE = YES;
				INFOPLIST_FILE = Sprout/Info.plist;
				INFOPLIST_KEY_UIApplicationSceneManifest_Generation = YES;
				INFOPLIST_KEY_UIApplicationSupportsIndirectInputEvents = YES;
				INFOPLIST_KEY_UILaunchScreen_Generation = YES;
				INFOPLIST_KEY_UISupportedInterfaceOrientations_iPad = "UIInterfaceOrientationPortrait UIInterfaceOrientationPortraitUpsideDown UIInterfaceOrientationLandscapeLeft UIInterfaceOrientationLandscapeRight";
				INFOPLIST_KEY_UISupportedInterfaceOrientations_iPhone = "UIInterfaceOrientationPortrait UIInterfaceOrientationLandscapeLeft UIInterfaceOrientationLandscapeRight";
				LD_RUNPATH_SEARCH_PATHS = (
					"$(inherited)",
					"@executable_path/Frameworks",
				);
				MARKETING_VERSION = 1.0;
				PRODUCT_BUNDLE_IDENTIFIER = Samwu.Sprout;
				PRODUCT_NAME = "$(TARGET_NAME)";
				SWIFT_EMIT_LOC_STRINGS = YES;
				SWIFT_VERSION = 5.0;
				TARGETED_DEVICE_FAMILY = "1,2";
			};
			name = Release;
		};
		7C5FA9AF2D5E46C200DF8F8B /* Debug */ = {
			isa = XCBuildConfiguration;
			buildSettings = {
				ALWAYS_EMBED_SWIFT_STANDARD_LIBRARIES = YES;
				BUNDLE_LOADER = "$(TEST_HOST)";
				CODE_SIGN_STYLE = Automatic;
				CURRENT_PROJECT_VERSION = 1;
				GENERATE_INFOPLIST_FILE = YES;
				IPHONEOS_DEPLOYMENT_TARGET = 17.5;
				MARKETING_VERSION = 1.0;
				PRODUCT_BUNDLE_IDENTIFIER = Samwu.SproutTests;
				PRODUCT_NAME = "$(TARGET_NAME)";
				SWIFT_EMIT_LOC_STRINGS = NO;
				SWIFT_VERSION = 5.0;
				TARGETED_DEVICE_FAMILY = "1,2";
				TEST_HOST = "$(BUILT_PRODUCTS_DIR)/Sprout.app/$(BUNDLE_EXECUTABLE_FOLDER_PATH)/Sprout";
			};
			name = Debug;
		};
		7C5FA9B02D5E46C200DF8F8B /* Release */ = {
			isa = XCBuildConfiguration;
			buildSettings = {
				ALWAYS_EMBED_SWIFT_STANDARD_LIBRARIES = YES;
				BUNDLE_LOADER = "$(TEST_HOST)";
				CODE_SIGN_STYLE = Automatic;
				CURRENT_PROJECT_VERSION = 1;
				GENERATE_INFOPLIST_FILE = YES;
				IPHONEOS_DEPLOYMENT_TARGET = 17.5;
				MARKETING_VERSION = 1.0;
				PRODUCT_BUNDLE_IDENTIFIER = Samwu.SproutTests;
				PRODUCT_NAME = "$(TARGET_NAME)";
				SWIFT_EMIT_LOC_STRINGS = NO;
				SWIFT_VERSION = 5.0;
				TARGETED_DEVICE_FAMILY = "1,2";
				TEST_HOST = "$(BUILT_PRODUCTS_DIR)/Sprout.app/$(BUNDLE_EXECUTABLE_FOLDER_PATH)/Sprout";
			};
			name = Release;
		};
		7C5FA9B22D5E46C200DF8F8B /* Debug */ = {
			isa = XCBuildConfiguration;
			buildSettings = {
				ALWAYS_EMBED_SWIFT_STANDARD_LIBRARIES = YES;
				CODE_SIGN_STYLE = Automatic;
				CURRENT_PROJECT_VERSION = 1;
				GENERATE_INFOPLIST_FILE = YES;
				MARKETING_VERSION = 1.0;
				PRODUCT_BUNDLE_IDENTIFIER = Samwu.SproutUITests;
				PRODUCT_NAME = "$(TARGET_NAME)";
				SWIFT_EMIT_LOC_STRINGS = NO;
				SWIFT_VERSION = 5.0;
				TARGETED_DEVICE_FAMILY = "1,2";
				TEST_TARGET_NAME = Sprout;
			};
			name = Debug;
		};
		7C5FA9B32D5E46C200DF8F8B /* Release */ = {
			isa = XCBuildConfiguration;
			buildSettings = {
				ALWAYS_EMBED_SWIFT_STANDARD_LIBRARIES = YES;
				CODE_SIGN_STYLE = Automatic;
				CURRENT_PROJECT_VERSION = 1;
				GENERATE_INFOPLIST_FILE = YES;
				MARKETING_VERSION = 1.0;
				PRODUCT_BUNDLE_IDENTIFIER = Samwu.SproutUITests;
				PRODUCT_NAME = "$(TARGET_NAME)";
				SWIFT_EMIT_LOC_STRINGS = NO;
				SWIFT_VERSION = 5.0;
				TARGETED_DEVICE_FAMILY = "1,2";
				TEST_TARGET_NAME = Sprout;
			};
			name = Release;
		};
/* End XCBuildConfiguration section */

/* Begin XCConfigurationList section */
		7C5FA9822D5E46C000DF8F8B /* Build configuration list for PBXProject "Sprout" */ = {
			isa = XCConfigurationList;
			buildConfigurations = (
				7C5FA9A92D5E46C200DF8F8B /* Debug */,
				7C5FA9AA2D5E46C200DF8F8B /* Release */,
			);
			defaultConfigurationIsVisible = 0;
			defaultConfigurationName = Release;
		};
		7C5FA9AB2D5E46C200DF8F8B /* Build configuration list for PBXNativeTarget "Sprout" */ = {
			isa = XCConfigurationList;
			buildConfigurations = (
				7C5FA9AC2D5E46C200DF8F8B /* Debug */,
				7C5FA9AD2D5E46C200DF8F8B /* Release */,
			);
			defaultConfigurationIsVisible = 0;
			defaultConfigurationName = Release;
		};
		7C5FA9AE2D5E46C200DF8F8B /* Build configuration list for PBXNativeTarget "SproutTests" */ = {
			isa = XCConfigurationList;
			buildConfigurations = (
				7C5FA9AF2D5E46C200DF8F8B /* Debug */,
				7C5FA9B02D5E46C200DF8F8B /* Release */,
			);
			defaultConfigurationIsVisible = 0;
			defaultConfigurationName = Release;
		};
		7C5FA9B12D5E46C200DF8F8B /* Build configuration list for PBXNativeTarget "SproutUITests" */ = {
			isa = XCConfigurationList;
			buildConfigurations = (
				7C5FA9B22D5E46C200DF8F8B /* Debug */,
				7C5FA9B32D5E46C200DF8F8B /* Release */,
			);
			defaultConfigurationIsVisible = 0;
			defaultConfigurationName = Release;
		};
/* End XCConfigurationList section */

/* Begin XCRemoteSwiftPackageReference section */
		7C11EDC62D65141000C1BB02 /* XCRemoteSwiftPackageReference "firebase-ios-sdk" */ = {
			isa = XCRemoteSwiftPackageReference;
			repositoryURL = "https://github.com/firebase/firebase-ios-sdk.git";
			requirement = {
				kind = upToNextMajorVersion;
				minimumVersion = 11.8.1;
			};
		};
/* End XCRemoteSwiftPackageReference section */

/* Begin XCSwiftPackageProductDependency section */
		7C11EDC72D65141000C1BB02 /* FirebaseAnalytics */ = {
			isa = XCSwiftPackageProductDependency;
			package = 7C11EDC62D65141000C1BB02 /* XCRemoteSwiftPackageReference "firebase-ios-sdk" */;
			productName = FirebaseAnalytics;
		};
		7C11EDC92D65141000C1BB02 /* FirebaseAnalyticsOnDeviceConversion */ = {
			isa = XCSwiftPackageProductDependency;
			package = 7C11EDC62D65141000C1BB02 /* XCRemoteSwiftPackageReference "firebase-ios-sdk" */;
			productName = FirebaseAnalyticsOnDeviceConversion;
		};
		7C11EDCB2D65141000C1BB02 /* FirebaseAnalyticsWithoutAdIdSupport */ = {
			isa = XCSwiftPackageProductDependency;
			package = 7C11EDC62D65141000C1BB02 /* XCRemoteSwiftPackageReference "firebase-ios-sdk" */;
			productName = FirebaseAnalyticsWithoutAdIdSupport;
		};
		7C11EDCD2D65141000C1BB02 /* FirebaseAppCheck */ = {
			isa = XCSwiftPackageProductDependency;
			package = 7C11EDC62D65141000C1BB02 /* XCRemoteSwiftPackageReference "firebase-ios-sdk" */;
			productName = FirebaseAppCheck;
		};
		7C11EDCF2D65141100C1BB02 /* FirebaseAppDistribution-Beta */ = {
			isa = XCSwiftPackageProductDependency;
			package = 7C11EDC62D65141000C1BB02 /* XCRemoteSwiftPackageReference "firebase-ios-sdk" */;
			productName = "FirebaseAppDistribution-Beta";
		};
		7C11EDD12D65141100C1BB02 /* FirebaseAuth */ = {
			isa = XCSwiftPackageProductDependency;
			package = 7C11EDC62D65141000C1BB02 /* XCRemoteSwiftPackageReference "firebase-ios-sdk" */;
			productName = FirebaseAuth;
		};
		7C11EDD32D65141100C1BB02 /* FirebaseAuthCombine-Community */ = {
			isa = XCSwiftPackageProductDependency;
			package = 7C11EDC62D65141000C1BB02 /* XCRemoteSwiftPackageReference "firebase-ios-sdk" */;
			productName = "FirebaseAuthCombine-Community";
		};
		7C11EDD52D65141100C1BB02 /* FirebaseCore */ = {
			isa = XCSwiftPackageProductDependency;
			package = 7C11EDC62D65141000C1BB02 /* XCRemoteSwiftPackageReference "firebase-ios-sdk" */;
			productName = FirebaseCore;
		};
		7C11EDD72D65141100C1BB02 /* FirebaseCrashlytics */ = {
			isa = XCSwiftPackageProductDependency;
			package = 7C11EDC62D65141000C1BB02 /* XCRemoteSwiftPackageReference "firebase-ios-sdk" */;
			productName = FirebaseCrashlytics;
		};
		7C11EDD92D65141100C1BB02 /* FirebaseDatabase */ = {
			isa = XCSwiftPackageProductDependency;
			package = 7C11EDC62D65141000C1BB02 /* XCRemoteSwiftPackageReference "firebase-ios-sdk" */;
			productName = FirebaseDatabase;
		};
		7C11EDDB2D65141100C1BB02 /* FirebaseDynamicLinks */ = {
			isa = XCSwiftPackageProductDependency;
			package = 7C11EDC62D65141000C1BB02 /* XCRemoteSwiftPackageReference "firebase-ios-sdk" */;
			productName = FirebaseDynamicLinks;
		};
		7C11EDDD2D65141100C1BB02 /* FirebaseFirestore */ = {
			isa = XCSwiftPackageProductDependency;
			package = 7C11EDC62D65141000C1BB02 /* XCRemoteSwiftPackageReference "firebase-ios-sdk" */;
			productName = FirebaseFirestore;
		};
		7C11EDDF2D65141100C1BB02 /* FirebaseFirestoreCombine-Community */ = {
			isa = XCSwiftPackageProductDependency;
			package = 7C11EDC62D65141000C1BB02 /* XCRemoteSwiftPackageReference "firebase-ios-sdk" */;
			productName = "FirebaseFirestoreCombine-Community";
		};
		7C11EDE12D65141100C1BB02 /* FirebaseFunctions */ = {
			isa = XCSwiftPackageProductDependency;
			package = 7C11EDC62D65141000C1BB02 /* XCRemoteSwiftPackageReference "firebase-ios-sdk" */;
			productName = FirebaseFunctions;
		};
		7C11EDE32D65141100C1BB02 /* FirebaseFunctionsCombine-Community */ = {
			isa = XCSwiftPackageProductDependency;
			package = 7C11EDC62D65141000C1BB02 /* XCRemoteSwiftPackageReference "firebase-ios-sdk" */;
			productName = "FirebaseFunctionsCombine-Community";
		};
		7C11EDE52D65141100C1BB02 /* FirebaseInAppMessaging-Beta */ = {
			isa = XCSwiftPackageProductDependency;
			package = 7C11EDC62D65141000C1BB02 /* XCRemoteSwiftPackageReference "firebase-ios-sdk" */;
			productName = "FirebaseInAppMessaging-Beta";
		};
		7C11EDE72D65141100C1BB02 /* FirebaseInstallations */ = {
			isa = XCSwiftPackageProductDependency;
			package = 7C11EDC62D65141000C1BB02 /* XCRemoteSwiftPackageReference "firebase-ios-sdk" */;
			productName = FirebaseInstallations;
		};
		7C11EDE92D65141100C1BB02 /* FirebaseMLModelDownloader */ = {
			isa = XCSwiftPackageProductDependency;
			package = 7C11EDC62D65141000C1BB02 /* XCRemoteSwiftPackageReference "firebase-ios-sdk" */;
			productName = FirebaseMLModelDownloader;
		};
		7C11EDEB2D65141100C1BB02 /* FirebaseMessaging */ = {
			isa = XCSwiftPackageProductDependency;
			package = 7C11EDC62D65141000C1BB02 /* XCRemoteSwiftPackageReference "firebase-ios-sdk" */;
			productName = FirebaseMessaging;
		};
		7C11EDED2D65141100C1BB02 /* FirebasePerformance */ = {
			isa = XCSwiftPackageProductDependency;
			package = 7C11EDC62D65141000C1BB02 /* XCRemoteSwiftPackageReference "firebase-ios-sdk" */;
			productName = FirebasePerformance;
		};
		7C11EDEF2D65141100C1BB02 /* FirebaseRemoteConfig */ = {
			isa = XCSwiftPackageProductDependency;
			package = 7C11EDC62D65141000C1BB02 /* XCRemoteSwiftPackageReference "firebase-ios-sdk" */;
			productName = FirebaseRemoteConfig;
		};
		7C11EDF12D65141100C1BB02 /* FirebaseStorage */ = {
			isa = XCSwiftPackageProductDependency;
			package = 7C11EDC62D65141000C1BB02 /* XCRemoteSwiftPackageReference "firebase-ios-sdk" */;
			productName = FirebaseStorage;
		};
		7C11EDF32D65141100C1BB02 /* FirebaseStorageCombine-Community */ = {
			isa = XCSwiftPackageProductDependency;
			package = 7C11EDC62D65141000C1BB02 /* XCRemoteSwiftPackageReference "firebase-ios-sdk" */;
			productName = "FirebaseStorageCombine-Community";
		};
		7C11EDF52D65141100C1BB02 /* FirebaseVertexAI */ = {
			isa = XCSwiftPackageProductDependency;
			package = 7C11EDC62D65141000C1BB02 /* XCRemoteSwiftPackageReference "firebase-ios-sdk" */;
			productName = FirebaseVertexAI;
		};
/* End XCSwiftPackageProductDependency section */
	};
	rootObject = 7C5FA97F2D5E46C000DF8F8B /* Project object */;
}
